
Microsoft Visual Studio Solution File, Format Version 12.00
# Visual Studio Version 17
VisualStudioVersion = 17.13.35919.96 d17.13
MinimumVisualStudioVersion = 10.0.40219.1
Project("{FAE04EC0-301F-11D3-BF4B-00C04F79EFBC}") = "6.PregatirePartial", "6.PregatirePartial\6.PregatirePartial.csproj", "{6BF37531-E1DC-4473-AEDE-079323A561A5}"
EndProject
Global
	GlobalSection(SolutionConfigurationPlatforms) = preSolution
		Debug|Any CPU = Debug|Any CPU
		Release|Any CPU = Release|Any CPU
	EndGlobalSection
	GlobalSection(ProjectConfigurationPlatforms) = postSolution
		{6BF37531-E1DC-4473-AEDE-079323A561A5}.Debug|Any CPU.ActiveCfg = Debug|Any CPU
		{6BF37531-E1DC-4473-AEDE-079323A561A5}.Debug|Any CPU.Build.0 = Debug|Any CPU
		{6BF37531-E1DC-4473-AEDE-079323A561A5}.Release|Any CPU.ActiveCfg = Release|Any CPU
		{6BF37531-E1DC-4473-AEDE-079323A561A5}.Release|Any CPU.Build.0 = Release|Any CPU
	EndGlobalSection
	GlobalSection(SolutionProperties) = preSolution
		HideSolutionNode = FALSE
	EndGlobalSection
	GlobalSection(ExtensibilityGlobals) = postSolution
		SolutionGuid = {603264BD-F75E-4307-A78B-5BFDB9EEA895}
	EndGlobalSection
EndGlobal
