
Microsoft Visual Studio Solution File, Format Version 12.00
# Visual Studio Version 17
VisualStudioVersion = 17.13.35919.96 d17.13
MinimumVisualStudioVersion = 10.0.40219.1
Project("{FAE04EC0-301F-11D3-BF4B-00C04F79EFBC}") = "1.IntroducereWinForms", "1.IntroducereWinForms\1.IntroducereWinForms.csproj", "{D19B79E2-B2FA-4081-9FBE-42C33A912115}"
EndProject
Global
	GlobalSection(SolutionConfigurationPlatforms) = preSolution
		Debug|Any CPU = Debug|Any CPU
		Release|Any CPU = Release|Any CPU
	EndGlobalSection
	GlobalSection(ProjectConfigurationPlatforms) = postSolution
		{D19B79E2-B2FA-4081-9FBE-42C33A912115}.Debug|Any CPU.ActiveCfg = Debug|Any CPU
		{D19B79E2-B2FA-4081-9FBE-42C33A912115}.Debug|Any CPU.Build.0 = Debug|Any CPU
		{D19B79E2-B2FA-4081-9FBE-42C33A912115}.Release|Any CPU.ActiveCfg = Release|Any CPU
		{D19B79E2-B2FA-4081-9FBE-42C33A912115}.Release|Any CPU.Build.0 = Release|Any CPU
	EndGlobalSection
	GlobalSection(SolutionProperties) = preSolution
		HideSolutionNode = FALSE
	EndGlobalSection
	GlobalSection(ExtensibilityGlobals) = postSolution
		SolutionGuid = {0F86C22B-A5C8-4136-B070-9203380ADE5F}
	EndGlobalSection
EndGlobal
