
Microsoft Visual Studio Solution File, Format Version 12.00
# Visual Studio Version 17
VisualStudioVersion = 17.13.35919.96 d17.13
MinimumVisualStudioVersion = 10.0.40219.1
Project("{FAE04EC0-301F-11D3-BF4B-00C04F79EFBC}") = "5.Greedy", "5.Greedy\5.Greedy.csproj", "{BEFF7952-3ABC-404C-8B8F-8864227938E3}"
EndProject
Global
	GlobalSection(SolutionConfigurationPlatforms) = preSolution
		Debug|Any CPU = Debug|Any CPU
		Release|Any CPU = Release|Any CPU
	EndGlobalSection
	GlobalSection(ProjectConfigurationPlatforms) = postSolution
		{BEFF7952-3ABC-404C-8B8F-8864227938E3}.Debug|Any CPU.ActiveCfg = Debug|Any CPU
		{BEFF7952-3ABC-404C-8B8F-8864227938E3}.Debug|Any CPU.Build.0 = Debug|Any CPU
		{BEFF7952-3ABC-404C-8B8F-8864227938E3}.Release|Any CPU.ActiveCfg = Release|Any CPU
		{BEFF7952-3ABC-404C-8B8F-8864227938E3}.Release|Any CPU.Build.0 = Release|Any CPU
	EndGlobalSection
	GlobalSection(SolutionProperties) = preSolution
		HideSolutionNode = FALSE
	EndGlobalSection
	GlobalSection(ExtensibilityGlobals) = postSolution
		SolutionGuid = {95794DE9-5905-469C-B4AB-AA1C93DD3FDC}
	EndGlobalSection
EndGlobal
